
Microsoft Visual Studio Solution File, Format Version 12.00
# Visual Studio Version 17
VisualStudioVersion = 17.14.35906.104 d17.14
MinimumVisualStudioVersion = 10.0.40219.1
Project("{FAE04EC0-301F-11D3-BF4B-00C04F79EFBC}") = "MVC12", "MVC12\MVC12.csproj", "{A933C58C-4C24-43CC-95DE-D297B9550A24}"
EndProject
Global
	GlobalSection(SolutionConfigurationPlatforms) = preSolution
		Debug|Any CPU = Debug|Any CPU
		Release|Any CPU = Release|Any CPU
	EndGlobalSection
	GlobalSection(ProjectConfigurationPlatforms) = postSolution
		{A933C58C-4C24-43CC-95DE-D297B9550A24}.Debug|Any CPU.ActiveCfg = Debug|Any CPU
		{A933C58C-4C24-43CC-95DE-D297B9550A24}.Debug|Any CPU.Build.0 = Debug|Any CPU
		{A933C58C-4C24-43CC-95DE-D297B9550A24}.Release|Any CPU.ActiveCfg = Release|Any CPU
		{A933C58C-4C24-43CC-95DE-D297B9550A24}.Release|Any CPU.Build.0 = Release|Any CPU
	EndGlobalSection
	GlobalSection(SolutionProperties) = preSolution
		HideSolutionNode = FALSE
	EndGlobalSection
	GlobalSection(ExtensibilityGlobals) = postSolution
		SolutionGuid = {0062CF87-3554-4170-BEC0-79E540BCE056}
	EndGlobalSection
EndGlobal
